
Microsoft Visual Studio Solution File, Format Version 12.00
# Visual Studio Version 16
VisualStudioVersion = 16.0.32802.440
MinimumVisualStudioVersion = 10.0.40219.1
Project("{FAE04EC0-301F-11D3-BF4B-00C04F79EFBC}") = "AEMWebApplication", "AEMWebApplication\AEMWebApplication.csproj", "{DEEECA6D-A40B-4D48-84AE-668C152B1A10}"
EndProject
Global
	GlobalSection(SolutionConfigurationPlatforms) = preSolution
		Debug|Any CPU = Debug|Any CPU
		Release|Any CPU = Release|Any CPU
	EndGlobalSection
	GlobalSection(ProjectConfigurationPlatforms) = postSolution
		{DEEECA6D-A40B-4D48-84AE-668C152B1A10}.Debug|Any CPU.ActiveCfg = Debug|Any CPU
		{DEEECA6D-A40B-4D48-84AE-668C152B1A10}.Debug|Any CPU.Build.0 = Debug|Any CPU
		{DEEECA6D-A40B-4D48-84AE-668C152B1A10}.Release|Any CPU.ActiveCfg = Release|Any CPU
		{DEEECA6D-A40B-4D48-84AE-668C152B1A10}.Release|Any CPU.Build.0 = Release|Any CPU
	EndGlobalSection
	GlobalSection(SolutionProperties) = preSolution
		HideSolutionNode = FALSE
	EndGlobalSection
	GlobalSection(ExtensibilityGlobals) = postSolution
		SolutionGuid = {FA70D2FA-C1F7-4318-B976-421013A777D9}
	EndGlobalSection
EndGlobal
